
Microsoft Visual Studio Solution File, Format Version 12.00
# Visual Studio Version 18
VisualStudioVersion = 18.2.11415.280
MinimumVisualStudioVersion = 10.0.40219.1
Project("{2150E333-8FDC-42A3-9474-1A3956D46DE8}") = "Services", "Services", "{02EA681E-C7D8-13C7-8484-4AC65E1B71E8}"
EndProject
Project("{2150E333-8FDC-42A3-9474-1A3956D46DE8}") = "ApiGateways", "ApiGateways", "{BA178D78-1150-459B-97F1-496EEF06F9D2}"
EndProject
Project("{2150E333-8FDC-42A3-9474-1A3956D46DE8}") = "Catalog", "Catalog", "{5150CEF4-1E54-43F0-9981-312C699B44A5}"
EndProject
Project("{FAE04EC0-301F-11D3-BF4B-00C04F79EFBC}") = "Catalog.API", "Services\Catalog\Catalog.API\Catalog.API.csproj", "{3F9C03CD-C9E0-4DA8-A84D-BC0339FAA10E}"
EndProject
Project("{2150E333-8FDC-42A3-9474-1A3956D46DE8}") = "Shared", "Shared", "{8BACCD07-BD47-4EB0-A2D5-66B5F3120D41}"
EndProject
Project("{FAE04EC0-301F-11D3-BF4B-00C04F79EFBC}") = "Shared.Library", "Shared\Shared.Library\Shared.Library.csproj", "{8917ABF1-6004-48DC-82F6-A664D269299B}"
EndProject
Project("{E53339B2-1760-4266-BCC7-CA923CBCF16C}") = "docker-compose", "docker-compose.dcproj", "{6DCBEC70-4866-4297-9AD0-73928CCFA987}"
EndProject
Project("{2150E333-8FDC-42A3-9474-1A3956D46DE8}") = "Basket", "Basket", "{E0995A64-7602-461B-A042-D4239E488BED}"
EndProject
Project("{FAE04EC0-301F-11D3-BF4B-00C04F79EFBC}") = "Basket.API", "Services\Basket\Basket.API\Basket.API.csproj", "{A7CE1BEA-4195-760B-8C09-457FB57B8416}"
EndProject
Project("{2150E333-8FDC-42A3-9474-1A3956D46DE8}") = "Discount", "Discount", "{5224A4C3-08CC-460B-8712-84A043C57E87}"
EndProject
Project("{FAE04EC0-301F-11D3-BF4B-00C04F79EFBC}") = "Discount.Grpc", "Services\Discount\Discount.Grpc\Discount.Grpc.csproj", "{69DE9BB8-D471-45A2-91E8-6D13F061EA2C}"
EndProject
Project("{2150E333-8FDC-42A3-9474-1A3956D46DE8}") = "Ordering", "Ordering", "{68476DFD-1348-457C-BF76-4C1F19F63570}"
EndProject
Project("{FAE04EC0-301F-11D3-BF4B-00C04F79EFBC}") = "Ordering.API", "Services\Ordering\Ordering.API\Ordering.API.csproj", "{D0B5D983-D138-41E2-8EF8-C1A4F100EB99}"
EndProject
Project("{FAE04EC0-301F-11D3-BF4B-00C04F79EFBC}") = "Ordering.Domain", "Services\Ordering\Ordering.Domain\Ordering.Domain.csproj", "{8747ABF5-5A05-4C16-B147-160AFB87E985}"
EndProject
Project("{FAE04EC0-301F-11D3-BF4B-00C04F79EFBC}") = "Ordering.Application", "Services\Ordering\Ordering.Application\Ordering.Application.csproj", "{0D746363-B47F-4456-9150-C7217CECF112}"
EndProject
Project("{FAE04EC0-301F-11D3-BF4B-00C04F79EFBC}") = "Ordering.Infrastructure", "Services\Ordering\Ordering.Infrastructure\Ordering.Infrastructure.csproj", "{3C268832-15AF-432B-A0B7-34F1D009D161}"
EndProject
Global
	GlobalSection(SolutionConfigurationPlatforms) = preSolution
		Debug|Any CPU = Debug|Any CPU
		Release|Any CPU = Release|Any CPU
	EndGlobalSection
	GlobalSection(ProjectConfigurationPlatforms) = postSolution
		{3F9C03CD-C9E0-4DA8-A84D-BC0339FAA10E}.Debug|Any CPU.ActiveCfg = Debug|Any CPU
		{3F9C03CD-C9E0-4DA8-A84D-BC0339FAA10E}.Debug|Any CPU.Build.0 = Debug|Any CPU
		{3F9C03CD-C9E0-4DA8-A84D-BC0339FAA10E}.Release|Any CPU.ActiveCfg = Release|Any CPU
		{3F9C03CD-C9E0-4DA8-A84D-BC0339FAA10E}.Release|Any CPU.Build.0 = Release|Any CPU
		{8917ABF1-6004-48DC-82F6-A664D269299B}.Debug|Any CPU.ActiveCfg = Debug|Any CPU
		{8917ABF1-6004-48DC-82F6-A664D269299B}.Debug|Any CPU.Build.0 = Debug|Any CPU
		{8917ABF1-6004-48DC-82F6-A664D269299B}.Release|Any CPU.ActiveCfg = Release|Any CPU
		{8917ABF1-6004-48DC-82F6-A664D269299B}.Release|Any CPU.Build.0 = Release|Any CPU
		{6DCBEC70-4866-4297-9AD0-73928CCFA987}.Debug|Any CPU.ActiveCfg = Debug|Any CPU
		{6DCBEC70-4866-4297-9AD0-73928CCFA987}.Debug|Any CPU.Build.0 = Debug|Any CPU
		{6DCBEC70-4866-4297-9AD0-73928CCFA987}.Release|Any CPU.ActiveCfg = Release|Any CPU
		{6DCBEC70-4866-4297-9AD0-73928CCFA987}.Release|Any CPU.Build.0 = Release|Any CPU
		{A7CE1BEA-4195-760B-8C09-457FB57B8416}.Debug|Any CPU.ActiveCfg = Debug|Any CPU
		{A7CE1BEA-4195-760B-8C09-457FB57B8416}.Debug|Any CPU.Build.0 = Debug|Any CPU
		{A7CE1BEA-4195-760B-8C09-457FB57B8416}.Release|Any CPU.ActiveCfg = Release|Any CPU
		{A7CE1BEA-4195-760B-8C09-457FB57B8416}.Release|Any CPU.Build.0 = Release|Any CPU
		{69DE9BB8-D471-45A2-91E8-6D13F061EA2C}.Debug|Any CPU.ActiveCfg = Debug|Any CPU
		{69DE9BB8-D471-45A2-91E8-6D13F061EA2C}.Debug|Any CPU.Build.0 = Debug|Any CPU
		{69DE9BB8-D471-45A2-91E8-6D13F061EA2C}.Release|Any CPU.ActiveCfg = Release|Any CPU
		{69DE9BB8-D471-45A2-91E8-6D13F061EA2C}.Release|Any CPU.Build.0 = Release|Any CPU
		{D0B5D983-D138-41E2-8EF8-C1A4F100EB99}.Debug|Any CPU.ActiveCfg = Debug|Any CPU
		{D0B5D983-D138-41E2-8EF8-C1A4F100EB99}.Debug|Any CPU.Build.0 = Debug|Any CPU
		{D0B5D983-D138-41E2-8EF8-C1A4F100EB99}.Release|Any CPU.ActiveCfg = Release|Any CPU
		{D0B5D983-D138-41E2-8EF8-C1A4F100EB99}.Release|Any CPU.Build.0 = Release|Any CPU
		{8747ABF5-5A05-4C16-B147-160AFB87E985}.Debug|Any CPU.ActiveCfg = Debug|Any CPU
		{8747ABF5-5A05-4C16-B147-160AFB87E985}.Debug|Any CPU.Build.0 = Debug|Any CPU
		{8747ABF5-5A05-4C16-B147-160AFB87E985}.Release|Any CPU.ActiveCfg = Release|Any CPU
		{8747ABF5-5A05-4C16-B147-160AFB87E985}.Release|Any CPU.Build.0 = Release|Any CPU
		{0D746363-B47F-4456-9150-C7217CECF112}.Debug|Any CPU.ActiveCfg = Debug|Any CPU
		{0D746363-B47F-4456-9150-C7217CECF112}.Debug|Any CPU.Build.0 = Debug|Any CPU
		{0D746363-B47F-4456-9150-C7217CECF112}.Release|Any CPU.ActiveCfg = Release|Any CPU
		{0D746363-B47F-4456-9150-C7217CECF112}.Release|Any CPU.Build.0 = Release|Any CPU
		{3C268832-15AF-432B-A0B7-34F1D009D161}.Debug|Any CPU.ActiveCfg = Debug|Any CPU
		{3C268832-15AF-432B-A0B7-34F1D009D161}.Debug|Any CPU.Build.0 = Debug|Any CPU
		{3C268832-15AF-432B-A0B7-34F1D009D161}.Release|Any CPU.ActiveCfg = Release|Any CPU
		{3C268832-15AF-432B-A0B7-34F1D009D161}.Release|Any CPU.Build.0 = Release|Any CPU
	EndGlobalSection
	GlobalSection(SolutionProperties) = preSolution
		HideSolutionNode = FALSE
	EndGlobalSection
	GlobalSection(NestedProjects) = preSolution
		{5150CEF4-1E54-43F0-9981-312C699B44A5} = {02EA681E-C7D8-13C7-8484-4AC65E1B71E8}
		{3F9C03CD-C9E0-4DA8-A84D-BC0339FAA10E} = {5150CEF4-1E54-43F0-9981-312C699B44A5}
		{8917ABF1-6004-48DC-82F6-A664D269299B} = {8BACCD07-BD47-4EB0-A2D5-66B5F3120D41}
		{E0995A64-7602-461B-A042-D4239E488BED} = {02EA681E-C7D8-13C7-8484-4AC65E1B71E8}
		{A7CE1BEA-4195-760B-8C09-457FB57B8416} = {E0995A64-7602-461B-A042-D4239E488BED}
		{5224A4C3-08CC-460B-8712-84A043C57E87} = {02EA681E-C7D8-13C7-8484-4AC65E1B71E8}
		{69DE9BB8-D471-45A2-91E8-6D13F061EA2C} = {5224A4C3-08CC-460B-8712-84A043C57E87}
		{68476DFD-1348-457C-BF76-4C1F19F63570} = {02EA681E-C7D8-13C7-8484-4AC65E1B71E8}
		{D0B5D983-D138-41E2-8EF8-C1A4F100EB99} = {68476DFD-1348-457C-BF76-4C1F19F63570}
		{8747ABF5-5A05-4C16-B147-160AFB87E985} = {68476DFD-1348-457C-BF76-4C1F19F63570}
		{0D746363-B47F-4456-9150-C7217CECF112} = {68476DFD-1348-457C-BF76-4C1F19F63570}
		{3C268832-15AF-432B-A0B7-34F1D009D161} = {68476DFD-1348-457C-BF76-4C1F19F63570}
	EndGlobalSection
	GlobalSection(ExtensibilityGlobals) = postSolution
		SolutionGuid = {8CEFB0B3-72AD-4994-86F8-99A4D8648040}
	EndGlobalSection
EndGlobal
